
Microsoft Visual Studio Solution File, Format Version 12.00
# Visual Studio 15
VisualStudioVersion = 15.0.27004.2005
MinimumVisualStudioVersion = 10.0.40219.1
Project("{FAE04EC0-301F-11D3-BF4B-00C04F79EFBC}") = "FlyingChess", "FlyingChess\FlyingChess.csproj", "{1BE9A26E-7B9D-4CA3-849C-DE2E5F2E8B81}"
EndProject
Global
	GlobalSection(SolutionConfigurationPlatforms) = preSolution
		Debug|Any CPU = Debug|Any CPU
		Release|Any CPU = Release|Any CPU
	EndGlobalSection
	GlobalSection(ProjectConfigurationPlatforms) = postSolution
		{1BE9A26E-7B9D-4CA3-849C-DE2E5F2E8B81}.Debug|Any CPU.ActiveCfg = Debug|Any CPU
		{1BE9A26E-7B9D-4CA3-849C-DE2E5F2E8B81}.Debug|Any CPU.Build.0 = Debug|Any CPU
		{1BE9A26E-7B9D-4CA3-849C-DE2E5F2E8B81}.Release|Any CPU.ActiveCfg = Release|Any CPU
		{1BE9A26E-7B9D-4CA3-849C-DE2E5F2E8B81}.Release|Any CPU.Build.0 = Release|Any CPU
	EndGlobalSection
	GlobalSection(SolutionProperties) = preSolution
		HideSolutionNode = FALSE
	EndGlobalSection
	GlobalSection(ExtensibilityGlobals) = postSolution
		SolutionGuid = {76190ED0-B7C2-43D8-846F-C915B3F6333E}
	EndGlobalSection
EndGlobal
